
Microsoft Visual Studio Solution File, Format Version 12.00
# Visual Studio 15
VisualStudioVersion = 15.0.28010.2036
MinimumVisualStudioVersion = 10.0.40219.1
Project("{9A19103F-16F7-4668-BE54-9A1E7A4F7556}") = "WhyBlogMa", "WhyBlogMa\WhyBlogMa.csproj", "{F0F0FCD2-17F0-474A-A189-44DB3A713588}"
EndProject
Project("{9A19103F-16F7-4668-BE54-9A1E7A4F7556}") = "UnitTestProject", "UnitTestProject\UnitTestProject.csproj", "{28CBC621-6E84-4F51-A185-68BAE6CD1E5F}"
EndProject
Project("{9A19103F-16F7-4668-BE54-9A1E7A4F7556}") = "Infrastructure", "PgSql\Infrastructure.csproj", "{B36CA664-77F1-4250-99F3-0FEBBA66D685}"
EndProject
Project("{FAE04EC0-301F-11D3-BF4B-00C04F79EFBC}") = "ConsoleApp1", "ConsoleApp1\ConsoleApp1.csproj", "{6167B31F-63EF-484B-A57E-F7F1A9FFFB80}"
EndProject
Global
	GlobalSection(SolutionConfigurationPlatforms) = preSolution
		Debug|Any CPU = Debug|Any CPU
		Release|Any CPU = Release|Any CPU
	EndGlobalSection
	GlobalSection(ProjectConfigurationPlatforms) = postSolution
		{F0F0FCD2-17F0-474A-A189-44DB3A713588}.Debug|Any CPU.ActiveCfg = Debug|Any CPU
		{F0F0FCD2-17F0-474A-A189-44DB3A713588}.Debug|Any CPU.Build.0 = Debug|Any CPU
		{F0F0FCD2-17F0-474A-A189-44DB3A713588}.Release|Any CPU.ActiveCfg = Release|Any CPU
		{F0F0FCD2-17F0-474A-A189-44DB3A713588}.Release|Any CPU.Build.0 = Release|Any CPU
		{28CBC621-6E84-4F51-A185-68BAE6CD1E5F}.Debug|Any CPU.ActiveCfg = Debug|Any CPU
		{28CBC621-6E84-4F51-A185-68BAE6CD1E5F}.Debug|Any CPU.Build.0 = Debug|Any CPU
		{28CBC621-6E84-4F51-A185-68BAE6CD1E5F}.Release|Any CPU.ActiveCfg = Release|Any CPU
		{28CBC621-6E84-4F51-A185-68BAE6CD1E5F}.Release|Any CPU.Build.0 = Release|Any CPU
		{B36CA664-77F1-4250-99F3-0FEBBA66D685}.Debug|Any CPU.ActiveCfg = Debug|Any CPU
		{B36CA664-77F1-4250-99F3-0FEBBA66D685}.Debug|Any CPU.Build.0 = Debug|Any CPU
		{B36CA664-77F1-4250-99F3-0FEBBA66D685}.Release|Any CPU.ActiveCfg = Release|Any CPU
		{B36CA664-77F1-4250-99F3-0FEBBA66D685}.Release|Any CPU.Build.0 = Release|Any CPU
		{6167B31F-63EF-484B-A57E-F7F1A9FFFB80}.Debug|Any CPU.ActiveCfg = Debug|Any CPU
		{6167B31F-63EF-484B-A57E-F7F1A9FFFB80}.Debug|Any CPU.Build.0 = Debug|Any CPU
		{6167B31F-63EF-484B-A57E-F7F1A9FFFB80}.Release|Any CPU.ActiveCfg = Release|Any CPU
		{6167B31F-63EF-484B-A57E-F7F1A9FFFB80}.Release|Any CPU.Build.0 = Release|Any CPU
	EndGlobalSection
	GlobalSection(SolutionProperties) = preSolution
		HideSolutionNode = FALSE
	EndGlobalSection
	GlobalSection(ExtensibilityGlobals) = postSolution
		SolutionGuid = {7D665D4D-3B72-48D3-848B-6B63E1944975}
	EndGlobalSection
EndGlobal
